# THIS IS AN AUTOGENERATED FILE. DO NOT EDIT THIS FILE DIRECTLY.
# yarn lockfile v1


"@tru_id/tru-sdk-react-native@^0.3.3":
  version "0.3.3"
  resolved "https://registry.yarnpkg.com/@tru_id/tru-sdk-react-native/-/tru-sdk-react-native-0.3.3.tgz#2e1fc2078bbe7b16306ab4e62cd8f4d3151c34ea"
  integrity sha512-EfFm5qKVrjsIiEnGmkQ8MtBHUZmzeVXYaOJOgLMSvxJU5FLdpwEOHWEE2dzNJumgq3d2Asikfg2u2MU/vkIIhw==
